// !$*UTF8*$!
{
	archiveVersion = 1;
	classes = {
	};
	objectVersion = 48;
	objects = {

/* Begin PBXBuildFile section */
		3F88BE0B21326D0E00BC1DA2 /* AppDelegate.m in Sources */ = {isa = PBXBuildFile; fileRef = 3F88BE0A21326D0E00BC1DA2 /* AppDelegate.m */; };
		3F88BE0E21326D0E00BC1DA2 /* ViewController.m in Sources */ = {isa = PBXBuildFile; fileRef = 3F88BE0D21326D0E00BC1DA2 /* ViewController.m */; };
		3F88BE1121326D0E00BC1DA2 /* Main.storyboard in Resources */ = {isa = PBXBuildFile; fileRef = 3F88BE0F21326D0E00BC1DA2 /* Main.storyboard */; };
		3F88BE1321326D0E00BC1DA2 /* Assets.xcassets in Resources */ = {isa = PBXBuildFile; fileRef = 3F88BE1221326D0E00BC1DA2 /* Assets.xcassets */; };
		3F88BE1621326D0E00BC1DA2 /* LaunchScreen.storyboard in Resources */ = {isa = PBXBuildFile; fileRef = 3F88BE1421326D0E00BC1DA2 /* LaunchScreen.storyboard */; };
		3F88BE1921326D0E00BC1DA2 /* main.m in Sources */ = {isa = PBXBuildFile; fileRef = 3F88BE1821326D0E00BC1DA2 /* main.m */; };
		3F88BE2421326F9700BC1DA2 /* UIResponder+Router.m in Sources */ = {isa = PBXBuildFile; fileRef = 3F88BE2121326F9700BC1DA2 /* UIResponder+Router.m */; };
		3F88BE2521326F9700BC1DA2 /* UIView+Context.m in Sources */ = {isa = PBXBuildFile; fileRef = 3F88BE2321326F9700BC1DA2 /* UIView+Context.m */; };
		3F88BE2B2132721200BC1DA2 /* UIColor+ColorChange.m in Sources */ = {isa = PBXBuildFile; fileRef = 3F88BE2A2132721100BC1DA2 /* UIColor+ColorChange.m */; };
		3F88BE2D213272F900BC1DA2 /* mainFile.plist in Resources */ = {isa = PBXBuildFile; fileRef = 3F88BE2C213272F900BC1DA2 /* mainFile.plist */; };
		3F88BE302132775B00BC1DA2 /* CreateFile.m in Sources */ = {isa = PBXBuildFile; fileRef = 3F88BE2F2132775B00BC1DA2 /* CreateFile.m */; };
		3F88BE32213290DF00BC1DA2 /* cellModel.plist in Resources */ = {isa = PBXBuildFile; fileRef = 3F88BE31213290DF00BC1DA2 /* cellModel.plist */; };
		B18D42C89FDD9F99EE84C6AB /* libPods-AutoAppFrame.a in Frameworks */ = {isa = PBXBuildFile; fileRef = 7A1A63307B0F3A3AF2912812 /* libPods-AutoAppFrame.a */; };
/* End PBXBuildFile section */

/* Begin PBXFileReference section */
		01F804218F0FFD936441C4D0 /* Pods-AutoAppFrame.release.xcconfig */ = {isa = PBXFileReference; includeInIndex = 1; lastKnownFileType = text.xcconfig; name = "Pods-AutoAppFrame.release.xcconfig"; path = "Pods/Target Support Files/Pods-AutoAppFrame/Pods-AutoAppFrame.release.xcconfig"; sourceTree = "<group>"; };
		3F88BE0621326D0E00BC1DA2 /* AutoAppFrame.app */ = {isa = PBXFileReference; explicitFileType = wrapper.application; includeInIndex = 0; path = AutoAppFrame.app; sourceTree = BUILT_PRODUCTS_DIR; };
		3F88BE0921326D0E00BC1DA2 /* AppDelegate.h */ = {isa = PBXFileReference; lastKnownFileType = sourcecode.c.h; path = AppDelegate.h; sourceTree = "<group>"; };
		3F88BE0A21326D0E00BC1DA2 /* AppDelegate.m */ = {isa = PBXFileReference; lastKnownFileType = sourcecode.c.objc; path = AppDelegate.m; sourceTree = "<group>"; };
		3F88BE0C21326D0E00BC1DA2 /* ViewController.h */ = {isa = PBXFileReference; lastKnownFileType = sourcecode.c.h; path = ViewController.h; sourceTree = "<group>"; };
		3F88BE0D21326D0E00BC1DA2 /* ViewController.m */ = {isa = PBXFileReference; lastKnownFileType = sourcecode.c.objc; path = ViewController.m; sourceTree = "<group>"; };
		3F88BE1021326D0E00BC1DA2 /* Base */ = {isa = PBXFileReference; lastKnownFileType = file.storyboard; name = Base; path = Base.lproj/Main.storyboard; sourceTree = "<group>"; };
		3F88BE1221326D0E00BC1DA2 /* Assets.xcassets */ = {isa = PBXFileReference; lastKnownFileType = folder.assetcatalog; path = Assets.xcassets; sourceTree = "<group>"; };
		3F88BE1521326D0E00BC1DA2 /* Base */ = {isa = PBXFileReference; lastKnownFileType = file.storyboard; name = Base; path = Base.lproj/LaunchScreen.storyboard; sourceTree = "<group>"; };
		3F88BE1721326D0E00BC1DA2 /* Info.plist */ = {isa = PBXFileReference; lastKnownFileType = text.plist.xml; path = Info.plist; sourceTree = "<group>"; };
		3F88BE1821326D0E00BC1DA2 /* main.m */ = {isa = PBXFileReference; lastKnownFileType = sourcecode.c.objc; path = main.m; sourceTree = "<group>"; };
		3F88BE2021326F9700BC1DA2 /* UIResponder+Router.h */ = {isa = PBXFileReference; fileEncoding = 4; lastKnownFileType = sourcecode.c.h; path = "UIResponder+Router.h"; sourceTree = "<group>"; };
		3F88BE2121326F9700BC1DA2 /* UIResponder+Router.m */ = {isa = PBXFileReference; fileEncoding = 4; lastKnownFileType = sourcecode.c.objc; path = "UIResponder+Router.m"; sourceTree = "<group>"; };
		3F88BE2221326F9700BC1DA2 /* UIView+Context.h */ = {isa = PBXFileReference; fileEncoding = 4; lastKnownFileType = sourcecode.c.h; path = "UIView+Context.h"; sourceTree = "<group>"; };
		3F88BE2321326F9700BC1DA2 /* UIView+Context.m */ = {isa = PBXFileReference; fileEncoding = 4; lastKnownFileType = sourcecode.c.objc; path = "UIView+Context.m"; sourceTree = "<group>"; };
		3F88BE26213271BB00BC1DA2 /* CommonPre.h */ = {isa = PBXFileReference; lastKnownFileType = sourcecode.c.h; path = CommonPre.h; sourceTree = "<group>"; };
		3F88BE292132721100BC1DA2 /* UIColor+ColorChange.h */ = {isa = PBXFileReference; fileEncoding = 4; lastKnownFileType = sourcecode.c.h; path = "UIColor+ColorChange.h"; sourceTree = "<group>"; };
		3F88BE2A2132721100BC1DA2 /* UIColor+ColorChange.m */ = {isa = PBXFileReference; fileEncoding = 4; lastKnownFileType = sourcecode.c.objc; path = "UIColor+ColorChange.m"; sourceTree = "<group>"; };
		3F88BE2C213272F900BC1DA2 /* mainFile.plist */ = {isa = PBXFileReference; fileEncoding = 4; lastKnownFileType = text.plist.xml; path = mainFile.plist; sourceTree = "<group>"; };
		3F88BE2E2132775B00BC1DA2 /* CreateFile.h */ = {isa = PBXFileReference; lastKnownFileType = sourcecode.c.h; path = CreateFile.h; sourceTree = "<group>"; };
		3F88BE2F2132775B00BC1DA2 /* CreateFile.m */ = {isa = PBXFileReference; lastKnownFileType = sourcecode.c.objc; path = CreateFile.m; sourceTree = "<group>"; };
		3F88BE31213290DF00BC1DA2 /* cellModel.plist */ = {isa = PBXFileReference; fileEncoding = 4; lastKnownFileType = text.plist.xml; path = cellModel.plist; sourceTree = "<group>"; };
		7A1A63307B0F3A3AF2912812 /* libPods-AutoAppFrame.a */ = {isa = PBXFileReference; explicitFileType = archive.ar; includeInIndex = 0; path = "libPods-AutoAppFrame.a"; sourceTree = BUILT_PRODUCTS_DIR; };
		9BBEB19868A2A9927D0B3D4F /* Pods-AutoAppFrame.debug.xcconfig */ = {isa = PBXFileReference; includeInIndex = 1; lastKnownFileType = text.xcconfig; name = "Pods-AutoAppFrame.debug.xcconfig"; path = "Pods/Target Support Files/Pods-AutoAppFrame/Pods-AutoAppFrame.debug.xcconfig"; sourceTree = "<group>"; };
/* End PBXFileReference section */

/* Begin PBXFrameworksBuildPhase section */
		3F88BE0321326D0E00BC1DA2 /* Frameworks */ = {
			isa = PBXFrameworksBuildPhase;
			buildActionMask = 2147483647;
			files = (
				B18D42C89FDD9F99EE84C6AB /* libPods-AutoAppFrame.a in Frameworks */,
			);
			runOnlyForDeploymentPostprocessing = 0;
		};
/* End PBXFrameworksBuildPhase section */

/* Begin PBXGroup section */
		3F88BDFD21326D0E00BC1DA2 = {
			isa = PBXGroup;
			children = (
				3F88BE0821326D0E00BC1DA2 /* AutoAppFrame */,
				3F88BE0721326D0E00BC1DA2 /* Products */,
				5456C5384D95C25FC0050CE4 /* Pods */,
				B17F96F988093A50BFA49B31 /* Frameworks */,
			);
			sourceTree = "<group>";
		};
		3F88BE0721326D0E00BC1DA2 /* Products */ = {
			isa = PBXGroup;
			children = (
				3F88BE0621326D0E00BC1DA2 /* AutoAppFrame.app */,
			);
			name = Products;
			sourceTree = "<group>";
		};
		3F88BE0821326D0E00BC1DA2 /* AutoAppFrame */ = {
			isa = PBXGroup;
			children = (
				3F88BE31213290DF00BC1DA2 /* cellModel.plist */,
				3F88BE2C213272F900BC1DA2 /* mainFile.plist */,
				3F88BE292132721100BC1DA2 /* UIColor+ColorChange.h */,
				3F88BE2A2132721100BC1DA2 /* UIColor+ColorChange.m */,
				3F88BE1F21326F9700BC1DA2 /* MUIKit */,
				3F88BE0921326D0E00BC1DA2 /* AppDelegate.h */,
				3F88BE0A21326D0E00BC1DA2 /* AppDelegate.m */,
				3F88BE0C21326D0E00BC1DA2 /* ViewController.h */,
				3F88BE0D21326D0E00BC1DA2 /* ViewController.m */,
				3F88BE0F21326D0E00BC1DA2 /* Main.storyboard */,
				3F88BE1221326D0E00BC1DA2 /* Assets.xcassets */,
				3F88BE1421326D0E00BC1DA2 /* LaunchScreen.storyboard */,
				3F88BE1721326D0E00BC1DA2 /* Info.plist */,
				3F88BE1821326D0E00BC1DA2 /* main.m */,
				3F88BE26213271BB00BC1DA2 /* CommonPre.h */,
				3F88BE2E2132775B00BC1DA2 /* CreateFile.h */,
				3F88BE2F2132775B00BC1DA2 /* CreateFile.m */,
			);
			path = AutoAppFrame;
			sourceTree = "<group>";
		};
		3F88BE1F21326F9700BC1DA2 /* MUIKit */ = {
			isa = PBXGroup;
			children = (
				3F88BE2021326F9700BC1DA2 /* UIResponder+Router.h */,
				3F88BE2121326F9700BC1DA2 /* UIResponder+Router.m */,
				3F88BE2221326F9700BC1DA2 /* UIView+Context.h */,
				3F88BE2321326F9700BC1DA2 /* UIView+Context.m */,
			);
			path = MUIKit;
			sourceTree = "<group>";
		};
		5456C5384D95C25FC0050CE4 /* Pods */ = {
			isa = PBXGroup;
			children = (
				9BBEB19868A2A9927D0B3D4F /* Pods-AutoAppFrame.debug.xcconfig */,
				01F804218F0FFD936441C4D0 /* Pods-AutoAppFrame.release.xcconfig */,
			);
			name = Pods;
			sourceTree = "<group>";
		};
		B17F96F988093A50BFA49B31 /* Frameworks */ = {
			isa = PBXGroup;
			children = (
				7A1A63307B0F3A3AF2912812 /* libPods-AutoAppFrame.a */,
			);
			name = Frameworks;
			sourceTree = "<group>";
		};
/* End PBXGroup section */

/* Begin PBXNativeTarget section */
		3F88BE0521326D0E00BC1DA2 /* AutoAppFrame */ = {
			isa = PBXNativeTarget;
			buildConfigurationList = 3F88BE1C21326D0E00BC1DA2 /* Build configuration list for PBXNativeTarget "AutoAppFrame" */;
			buildPhases = (
				CF0119E3500A3B7673249EF4 /* [CP] Check Pods Manifest.lock */,
				3F88BE0221326D0E00BC1DA2 /* Sources */,
				3F88BE0321326D0E00BC1DA2 /* Frameworks */,
				3F88BE0421326D0E00BC1DA2 /* Resources */,
				FC97BA30B46541C3C4BD42CF /* [CP] Embed Pods Frameworks */,
				12C3A2F6F78D99BADF2933C5 /* [CP] Copy Pods Resources */,
			);
			buildRules = (
			);
			dependencies = (
			);
			name = AutoAppFrame;
			productName = AutoAppFrame;
			productReference = 3F88BE0621326D0E00BC1DA2 /* AutoAppFrame.app */;
			productType = "com.apple.product-type.application";
		};
/* End PBXNativeTarget section */

/* Begin PBXProject section */
		3F88BDFE21326D0E00BC1DA2 /* Project object */ = {
			isa = PBXProject;
			attributes = {
				LastUpgradeCheck = 0900;
				ORGANIZATIONNAME = "jinhui  xue";
				TargetAttributes = {
					3F88BE0521326D0E00BC1DA2 = {
						CreatedOnToolsVersion = 9.0;
						ProvisioningStyle = Automatic;
					};
				};
			};
			buildConfigurationList = 3F88BE0121326D0E00BC1DA2 /* Build configuration list for PBXProject "AutoAppFrame" */;
			compatibilityVersion = "Xcode 8.0";
			developmentRegion = en;
			hasScannedForEncodings = 0;
			knownRegions = (
				en,
				Base,
			);
			mainGroup = 3F88BDFD21326D0E00BC1DA2;
			productRefGroup = 3F88BE0721326D0E00BC1DA2 /* Products */;
			projectDirPath = "";
			projectRoot = "";
			targets = (
				3F88BE0521326D0E00BC1DA2 /* AutoAppFrame */,
			);
		};
/* End PBXProject section */

/* Begin PBXResourcesBuildPhase section */
		3F88BE0421326D0E00BC1DA2 /* Resources */ = {
			isa = PBXResourcesBuildPhase;
			buildActionMask = 2147483647;
			files = (
				3F88BE32213290DF00BC1DA2 /* cellModel.plist in Resources */,
				3F88BE1621326D0E00BC1DA2 /* LaunchScreen.storyboard in Resources */,
				3F88BE2D213272F900BC1DA2 /* mainFile.plist in Resources */,
				3F88BE1321326D0E00BC1DA2 /* Assets.xcassets in Resources */,
				3F88BE1121326D0E00BC1DA2 /* Main.storyboard in Resources */,
			);
			runOnlyForDeploymentPostprocessing = 0;
		};
/* End PBXResourcesBuildPhase section */

/* Begin PBXShellScriptBuildPhase section */
		12C3A2F6F78D99BADF2933C5 /* [CP] Copy Pods Resources */ = {
			isa = PBXShellScriptBuildPhase;
			buildActionMask = 2147483647;
			files = (
			);
			inputPaths = (
			);
			name = "[CP] Copy Pods Resources";
			outputPaths = (
			);
			runOnlyForDeploymentPostprocessing = 0;
			shellPath = /bin/sh;
			shellScript = "\"${SRCROOT}/Pods/Target Support Files/Pods-AutoAppFrame/Pods-AutoAppFrame-resources.sh\"\n";
			showEnvVarsInLog = 0;
		};
		CF0119E3500A3B7673249EF4 /* [CP] Check Pods Manifest.lock */ = {
			isa = PBXShellScriptBuildPhase;
			buildActionMask = 2147483647;
			files = (
			);
			inputPaths = (
				"${PODS_PODFILE_DIR_PATH}/Podfile.lock",
				"${PODS_ROOT}/Manifest.lock",
			);
			name = "[CP] Check Pods Manifest.lock";
			outputPaths = (
				"$(DERIVED_FILE_DIR)/Pods-AutoAppFrame-checkManifestLockResult.txt",
			);
			runOnlyForDeploymentPostprocessing = 0;
			shellPath = /bin/sh;
			shellScript = "diff \"${PODS_PODFILE_DIR_PATH}/Podfile.lock\" \"${PODS_ROOT}/Manifest.lock\" > /dev/null\nif [ $? != 0 ] ; then\n    # print error to STDERR\n    echo \"error: The sandbox is not in sync with the Podfile.lock. Run 'pod install' or update your CocoaPods installation.\" >&2\n    exit 1\nfi\n# This output is used by Xcode 'outputs' to avoid re-running this script phase.\necho \"SUCCESS\" > \"${SCRIPT_OUTPUT_FILE_0}\"\n";
			showEnvVarsInLog = 0;
		};
		FC97BA30B46541C3C4BD42CF /* [CP] Embed Pods Frameworks */ = {
			isa = PBXShellScriptBuildPhase;
			buildActionMask = 2147483647;
			files = (
			);
			inputPaths = (
			);
			name = "[CP] Embed Pods Frameworks";
			outputPaths = (
			);
			runOnlyForDeploymentPostprocessing = 0;
			shellPath = /bin/sh;
			shellScript = "\"${SRCROOT}/Pods/Target Support Files/Pods-AutoAppFrame/Pods-AutoAppFrame-frameworks.sh\"\n";
			showEnvVarsInLog = 0;
		};
/* End PBXShellScriptBuildPhase section */

/* Begin PBXSourcesBuildPhase section */
		3F88BE0221326D0E00BC1DA2 /* Sources */ = {
			isa = PBXSourcesBuildPhase;
			buildActionMask = 2147483647;
			files = (
				3F88BE0E21326D0E00BC1DA2 /* ViewController.m in Sources */,
				3F88BE1921326D0E00BC1DA2 /* main.m in Sources */,
				3F88BE2521326F9700BC1DA2 /* UIView+Context.m in Sources */,
				3F88BE302132775B00BC1DA2 /* CreateFile.m in Sources */,
				3F88BE2B2132721200BC1DA2 /* UIColor+ColorChange.m in Sources */,
				3F88BE0B21326D0E00BC1DA2 /* AppDelegate.m in Sources */,
				3F88BE2421326F9700BC1DA2 /* UIResponder+Router.m in Sources */,
			);
			runOnlyForDeploymentPostprocessing = 0;
		};
/* End PBXSourcesBuildPhase section */

/* Begin PBXVariantGroup section */
		3F88BE0F21326D0E00BC1DA2 /* Main.storyboard */ = {
			isa = PBXVariantGroup;
			children = (
				3F88BE1021326D0E00BC1DA2 /* Base */,
			);
			name = Main.storyboard;
			sourceTree = "<group>";
		};
		3F88BE1421326D0E00BC1DA2 /* LaunchScreen.storyboard */ = {
			isa = PBXVariantGroup;
			children = (
				3F88BE1521326D0E00BC1DA2 /* Base */,
			);
			name = LaunchScreen.storyboard;
			sourceTree = "<group>";
		};
/* End PBXVariantGroup section */

/* Begin XCBuildConfiguration section */
		3F88BE1A21326D0E00BC1DA2 /* Debug */ = {
			isa = XCBuildConfiguration;
			buildSettings = {
				ALWAYS_SEARCH_USER_PATHS = NO;
				CLANG_ANALYZER_NONNULL = YES;
				CLANG_ANALYZER_NUMBER_OBJECT_CONVERSION = YES_AGGRESSIVE;
				CLANG_CXX_LANGUAGE_STANDARD = "gnu++14";
				CLANG_CXX_LIBRARY = "libc++";
				CLANG_ENABLE_MODULES = YES;
				CLANG_ENABLE_OBJC_ARC = YES;
				CLANG_WARN_BLOCK_CAPTURE_AUTORELEASING = YES;
				CLANG_WARN_BOOL_CONVERSION = YES;
				CLANG_WARN_COMMA = YES;
				CLANG_WARN_CONSTANT_CONVERSION = YES;
				CLANG_WARN_DIRECT_OBJC_ISA_USAGE = YES_ERROR;
				CLANG_WARN_DOCUMENTATION_COMMENTS = YES;
				CLANG_WARN_EMPTY_BODY = YES;
				CLANG_WARN_ENUM_CONVERSION = YES;
				CLANG_WARN_INFINITE_RECURSION = YES;
				CLANG_WARN_INT_CONVERSION = YES;
				CLANG_WARN_NON_LITERAL_NULL_CONVERSION = YES;
				CLANG_WARN_OBJC_LITERAL_CONVERSION = YES;
				CLANG_WARN_OBJC_ROOT_CLASS = YES_ERROR;
				CLANG_WARN_RANGE_LOOP_ANALYSIS = YES;
				CLANG_WARN_STRICT_PROTOTYPES = YES;
				CLANG_WARN_SUSPICIOUS_MOVE = YES;
				CLANG_WARN_UNGUARDED_AVAILABILITY = YES_AGGRESSIVE;
				CLANG_WARN_UNREACHABLE_CODE = YES;
				CLANG_WARN__DUPLICATE_METHOD_MATCH = YES;
				CODE_SIGN_IDENTITY = "iPhone Developer";
				COPY_PHASE_STRIP = NO;
				DEBUG_INFORMATION_FORMAT = dwarf;
				ENABLE_STRICT_OBJC_MSGSEND = YES;
				ENABLE_TESTABILITY = YES;
				GCC_C_LANGUAGE_STANDARD = gnu11;
				GCC_DYNAMIC_NO_PIC = NO;
				GCC_NO_COMMON_BLOCKS = YES;
				GCC_OPTIMIZATION_LEVEL = 0;
				GCC_PREPROCESSOR_DEFINITIONS = (
					"DEBUG=1",
					"$(inherited)",
				);
				GCC_WARN_64_TO_32_BIT_CONVERSION = YES;
				GCC_WARN_ABOUT_RETURN_TYPE = YES_ERROR;
				GCC_WARN_UNDECLARED_SELECTOR = YES;
				GCC_WARN_UNINITIALIZED_AUTOS = YES_AGGRESSIVE;
				GCC_WARN_UNUSED_FUNCTION = YES;
				GCC_WARN_UNUSED_VARIABLE = YES;
				IPHONEOS_DEPLOYMENT_TARGET = 11.0;
				MTL_ENABLE_DEBUG_INFO = YES;
				ONLY_ACTIVE_ARCH = YES;
				SDKROOT = iphoneos;
			};
			name = Debug;
		};
		3F88BE1B21326D0E00BC1DA2 /* Release */ = {
			isa = XCBuildConfiguration;
			buildSettings = {
				ALWAYS_SEARCH_USER_PATHS = NO;
				CLANG_ANALYZER_NONNULL = YES;
				CLANG_ANALYZER_NUMBER_OBJECT_CONVERSION = YES_AGGRESSIVE;
				CLANG_CXX_LANGUAGE_STANDARD = "gnu++14";
				CLANG_CXX_LIBRARY = "libc++";
				CLANG_ENABLE_MODULES = YES;
				CLANG_ENABLE_OBJC_ARC = YES;
				CLANG_WARN_BLOCK_CAPTURE_AUTORELEASING = YES;
				CLANG_WARN_BOOL_CONVERSION = YES;
				CLANG_WARN_COMMA = YES;
				CLANG_WARN_CONSTANT_CONVERSION = YES;
				CLANG_WARN_DIRECT_OBJC_ISA_USAGE = YES_ERROR;
				CLANG_WARN_DOCUMENTATION_COMMENTS = YES;
				CLANG_WARN_EMPTY_BODY = YES;
				CLANG_WARN_ENUM_CONVERSION = YES;
				CLANG_WARN_INFINITE_RECURSION = YES;
				CLANG_WARN_INT_CONVERSION = YES;
				CLANG_WARN_NON_LITERAL_NULL_CONVERSION = YES;
				CLANG_WARN_OBJC_LITERAL_CONVERSION = YES;
				CLANG_WARN_OBJC_ROOT_CLASS = YES_ERROR;
				CLANG_WARN_RANGE_LOOP_ANALYSIS = YES;
				CLANG_WARN_STRICT_PROTOTYPES = YES;
				CLANG_WARN_SUSPICIOUS_MOVE = YES;
				CLANG_WARN_UNGUARDED_AVAILABILITY = YES_AGGRESSIVE;
				CLANG_WARN_UNREACHABLE_CODE = YES;
				CLANG_WARN__DUPLICATE_METHOD_MATCH = YES;
				CODE_SIGN_IDENTITY = "iPhone Developer";
				COPY_PHASE_STRIP = NO;
				DEBUG_INFORMATION_FORMAT = "dwarf-with-dsym";
				ENABLE_NS_ASSERTIONS = NO;
				ENABLE_STRICT_OBJC_MSGSEND = YES;
				GCC_C_LANGUAGE_STANDARD = gnu11;
				GCC_NO_COMMON_BLOCKS = YES;
				GCC_WARN_64_TO_32_BIT_CONVERSION = YES;
				GCC_WARN_ABOUT_RETURN_TYPE = YES_ERROR;
				GCC_WARN_UNDECLARED_SELECTOR = YES;
				GCC_WARN_UNINITIALIZED_AUTOS = YES_AGGRESSIVE;
				GCC_WARN_UNUSED_FUNCTION = YES;
				GCC_WARN_UNUSED_VARIABLE = YES;
				IPHONEOS_DEPLOYMENT_TARGET = 11.0;
				MTL_ENABLE_DEBUG_INFO = NO;
				SDKROOT = iphoneos;
				VALIDATE_PRODUCT = YES;
			};
			name = Release;
		};
		3F88BE1D21326D0E00BC1DA2 /* Debug */ = {
			isa = XCBuildConfiguration;
			baseConfigurationReference = 9BBEB19868A2A9927D0B3D4F /* Pods-AutoAppFrame.debug.xcconfig */;
			buildSettings = {
				ASSETCATALOG_COMPILER_APPICON_NAME = AppIcon;
				CODE_SIGN_STYLE = Automatic;
				INFOPLIST_FILE = AutoAppFrame/Info.plist;
				LD_RUNPATH_SEARCH_PATHS = "$(inherited) @executable_path/Frameworks";
				PRODUCT_BUNDLE_IDENTIFIER = com.icbc.AutoAppFrame;
				PRODUCT_NAME = "$(TARGET_NAME)";
				TARGETED_DEVICE_FAMILY = "1,2";
			};
			name = Debug;
		};
		3F88BE1E21326D0E00BC1DA2 /* Release */ = {
			isa = XCBuildConfiguration;
			baseConfigurationReference = 01F804218F0FFD936441C4D0 /* Pods-AutoAppFrame.release.xcconfig */;
			buildSettings = {
				ASSETCATALOG_COMPILER_APPICON_NAME = AppIcon;
				CODE_SIGN_STYLE = Automatic;
				INFOPLIST_FILE = AutoAppFrame/Info.plist;
				LD_RUNPATH_SEARCH_PATHS = "$(inherited) @executable_path/Frameworks";
				PRODUCT_BUNDLE_IDENTIFIER = com.icbc.AutoAppFrame;
				PRODUCT_NAME = "$(TARGET_NAME)";
				TARGETED_DEVICE_FAMILY = "1,2";
			};
			name = Release;
		};
/* End XCBuildConfiguration section */

/* Begin XCConfigurationList section */
		3F88BE0121326D0E00BC1DA2 /* Build configuration list for PBXProject "AutoAppFrame" */ = {
			isa = XCConfigurationList;
			buildConfigurations = (
				3F88BE1A21326D0E00BC1DA2 /* Debug */,
				3F88BE1B21326D0E00BC1DA2 /* Release */,
			);
			defaultConfigurationIsVisible = 0;
			defaultConfigurationName = Release;
		};
		3F88BE1C21326D0E00BC1DA2 /* Build configuration list for PBXNativeTarget "AutoAppFrame" */ = {
			isa = XCConfigurationList;
			buildConfigurations = (
				3F88BE1D21326D0E00BC1DA2 /* Debug */,
				3F88BE1E21326D0E00BC1DA2 /* Release */,
			);
			defaultConfigurationIsVisible = 0;
			defaultConfigurationName = Release;
		};
/* End XCConfigurationList section */
	};
	rootObject = 3F88BDFE21326D0E00BC1DA2 /* Project object */;
}
